akshare==1.18.91
beautifulsoup4==4.15.0
certifi==2026.7.22
cffi==2.1.1
charset-normalizer==3.5.1
colorama==0.4.6
curl_cffi==0.16.0
decorator==5.3.1
duckdb==1.5.5
et_xmlfile==2.0.0
html5lib==1.1
idna==3.18
jsonpath==0.82.2
lxml==6.1.1
mini-racer==0.14.1
numpy==2.5.2
openpyxl==3.1.5
pandas==3.0.5
pycparser==3.0
python-dateutil==2.9.0.post0
requests==2.34.2
six==1.17.0
soupsieve==2.9.2
tabulate==0.10.0
tqdm==4.70.0
typing_extensions==4.16.0
tzdata==2026.3
urllib3==2.7.0
webencodings==0.6.1
xlrd==2.0.2
